// !$*UTF8*$!
{
	archiveVersion = 1;
	classes = {
	};
	objectVersion = 56;
	objects = {

/* Begin PBXBuildFile section */
		FA415B072C800940006BBC12 /* SignUpViewController.swift in Sources */ = {isa = PBXBuildFile; fileRef = FA415B062C800940006BBC12 /* SignUpViewController.swift */; };
		FA415B092C801A59006BBC12 /* ProfileViewController.swift in Sources */ = {isa = PBXBuildFile; fileRef = FA415B082C801A59006BBC12 /* ProfileViewController.swift */; };
		FACBCBE52C7F330300E734E7 /* AppDelegate.swift in Sources */ = {isa = PBXBuildFile; fileRef = FACBCBE42C7F330300E734E7 /* AppDelegate.swift */; };
		FACBCBE72C7F330300E734E7 /* SceneDelegate.swift in Sources */ = {isa = PBXBuildFile; fileRef = FACBCBE62C7F330300E734E7 /* SceneDelegate.swift */; };
		FACBCBE92C7F330300E734E7 /* LogInViewController.swift in Sources */ = {isa = PBXBuildFile; fileRef = FACBCBE82C7F330300E734E7 /* LogInViewController.swift */; };
		FACBCBEC2C7F330300E734E7 /* Base in Resources */ = {isa = PBXBuildFile; fileRef = FACBCBEB2C7F330300E734E7 /* Base */; };
		FACBCBEE2C7F330400E734E7 /* Assets.xcassets in Resources */ = {isa = PBXBuildFile; fileRef = FACBCBED2C7F330400E734E7 /* Assets.xcassets */; };
		FACBCBF12C7F330400E734E7 /* Base in Resources */ = {isa = PBXBuildFile; fileRef = FACBCBF02C7F330400E734E7 /* Base */; };
		FACBCBF92C7F479300E734E7 /* HomePageViewController.swift in Sources */ = {isa = PBXBuildFile; fileRef = FACBCBF82C7F479300E734E7 /* HomePageViewController.swift */; };
		FACBCBFE2C7F741D00E734E7 /* OnboardingViewController.swift in Sources */ = {isa = PBXBuildFile; fileRef = FACBCBFD2C7F741D00E734E7 /* OnboardingViewController.swift */; };
		FACBCC012C7F775200E734E7 /* UIView+Extension.swift in Sources */ = {isa = PBXBuildFile; fileRef = FACBCC002C7F775200E734E7 /* UIView+Extension.swift */; };
		FACBCC032C7F790900E734E7 /* OnboardingScreens.swift in Sources */ = {isa = PBXBuildFile; fileRef = FACBCC022C7F790900E734E7 /* OnboardingScreens.swift */; };
		FACBCC052C7F7B0900E734E7 /* OnboardingCollectionViewCell.swift in Sources */ = {isa = PBXBuildFile; fileRef = FACBCC042C7F7B0900E734E7 /* OnboardingCollectionViewCell.swift */; };
/* End PBXBuildFile section */

/* Begin PBXFileReference section */
		FA415B062C800940006BBC12 /* SignUpViewController.swift */ = {isa = PBXFileReference; lastKnownFileType = sourcecode.swift; path = SignUpViewController.swift; sourceTree = "<group>"; };
		FA415B082C801A59006BBC12 /* ProfileViewController.swift */ = {isa = PBXFileReference; lastKnownFileType = sourcecode.swift; path = ProfileViewController.swift; sourceTree = "<group>"; };
		FACBCBE12C7F330300E734E7 /* Food Ordering App.app */ = {isa = PBXFileReference; explicitFileType = wrapper.application; includeInIndex = 0; path = "Food Ordering App.app"; sourceTree = BUILT_PRODUCTS_DIR; };
		FACBCBE42C7F330300E734E7 /* AppDelegate.swift */ = {isa = PBXFileReference; lastKnownFileType = sourcecode.swift; path = AppDelegate.swift; sourceTree = "<group>"; };
		FACBCBE62C7F330300E734E7 /* SceneDelegate.swift */ = {isa = PBXFileReference; lastKnownFileType = sourcecode.swift; path = SceneDelegate.swift; sourceTree = "<group>"; };
		FACBCBE82C7F330300E734E7 /* LogInViewController.swift */ = {isa = PBXFileReference; lastKnownFileType = sourcecode.swift; path = LogInViewController.swift; sourceTree = "<group>"; };
		FACBCBEB2C7F330300E734E7 /* Base */ = {isa = PBXFileReference; lastKnownFileType = file.storyboard; name = Base; path = Base.lproj/Main.storyboard; sourceTree = "<group>"; };
		FACBCBED2C7F330400E734E7 /* Assets.xcassets */ = {isa = PBXFileReference; lastKnownFileType = folder.assetcatalog; path = Assets.xcassets; sourceTree = "<group>"; };
		FACBCBF02C7F330400E734E7 /* Base */ = {isa = PBXFileReference; lastKnownFileType = file.storyboard; name = Base; path = Base.lproj/LaunchScreen.storyboard; sourceTree = "<group>"; };
		FACBCBF22C7F330400E734E7 /* Info.plist */ = {isa = PBXFileReference; lastKnownFileType = text.plist.xml; path = Info.plist; sourceTree = "<group>"; };
		FACBCBF82C7F479300E734E7 /* HomePageViewController.swift */ = {isa = PBXFileReference; lastKnownFileType = sourcecode.swift; path = HomePageViewController.swift; sourceTree = "<group>"; };
		FACBCBFD2C7F741D00E734E7 /* OnboardingViewController.swift */ = {isa = PBXFileReference; lastKnownFileType = sourcecode.swift; path = OnboardingViewController.swift; sourceTree = "<group>"; };
		FACBCC002C7F775200E734E7 /* UIView+Extension.swift */ = {isa = PBXFileReference; lastKnownFileType = sourcecode.swift; path = "UIView+Extension.swift"; sourceTree = "<group>"; };
		FACBCC022C7F790900E734E7 /* OnboardingScreens.swift */ = {isa = PBXFileReference; lastKnownFileType = sourcecode.swift; path = OnboardingScreens.swift; sourceTree = "<group>"; };
		FACBCC042C7F7B0900E734E7 /* OnboardingCollectionViewCell.swift */ = {isa = PBXFileReference; lastKnownFileType = sourcecode.swift; path = OnboardingCollectionViewCell.swift; sourceTree = "<group>"; };
/* End PBXFileReference section */

/* Begin PBXFrameworksBuildPhase section */
		FACBCBDE2C7F330300E734E7 /* Frameworks */ = {
			isa = PBXFrameworksBuildPhase;
			buildActionMask = 2147483647;
			files = (
			);
			runOnlyForDeploymentPostprocessing = 0;
		};
/* End PBXFrameworksBuildPhase section */

/* Begin PBXGroup section */
		FA415B052C8008FA006BBC12 /* LogInViews */ = {
			isa = PBXGroup;
			children = (
				FACBCBE82C7F330300E734E7 /* LogInViewController.swift */,
				FA415B062C800940006BBC12 /* SignUpViewController.swift */,
			);
			path = LogInViews;
			sourceTree = "<group>";
		};
		FACBCBD82C7F330300E734E7 = {
			isa = PBXGroup;
			children = (
				FACBCBE32C7F330300E734E7 /* Food Ordering App */,
				FACBCBE22C7F330300E734E7 /* Products */,
			);
			sourceTree = "<group>";
		};
		FACBCBE22C7F330300E734E7 /* Products */ = {
			isa = PBXGroup;
			children = (
				FACBCBE12C7F330300E734E7 /* Food Ordering App.app */,
			);
			name = Products;
			sourceTree = "<group>";
		};
		FACBCBE32C7F330300E734E7 /* Food Ordering App */ = {
			isa = PBXGroup;
			children = (
				FACBCBFF2C7F771700E734E7 /* Extensions */,
				FACBCBFB2C7F734800E734E7 /* Models */,
				FACBCBFA2C7F733C00E734E7 /* VIews */,
				FACBCBE42C7F330300E734E7 /* AppDelegate.swift */,
				FACBCBE62C7F330300E734E7 /* SceneDelegate.swift */,
				FACBCBEA2C7F330300E734E7 /* Main.storyboard */,
				FA415B082C801A59006BBC12 /* ProfileViewController.swift */,
				FACBCBF82C7F479300E734E7 /* HomePageViewController.swift */,
				FACBCBED2C7F330400E734E7 /* Assets.xcassets */,
				FACBCBEF2C7F330400E734E7 /* LaunchScreen.storyboard */,
				FACBCBF22C7F330400E734E7 /* Info.plist */,
			);
			path = "Food Ordering App";
			sourceTree = "<group>";
		};
		FACBCBFA2C7F733C00E734E7 /* VIews */ = {
			isa = PBXGroup;
			children = (
				FA415B052C8008FA006BBC12 /* LogInViews */,
				FACBCBFC2C7F73EF00E734E7 /* Onboarding */,
			);
			path = VIews;
			sourceTree = "<group>";
		};
		FACBCBFB2C7F734800E734E7 /* Models */ = {
			isa = PBXGroup;
			children = (
				FACBCC022C7F790900E734E7 /* OnboardingScreens.swift */,
			);
			path = Models;
			sourceTree = "<group>";
		};
		FACBCBFC2C7F73EF00E734E7 /* Onboarding */ = {
			isa = PBXGroup;
			children = (
				FACBCBFD2C7F741D00E734E7 /* OnboardingViewController.swift */,
				FACBCC042C7F7B0900E734E7 /* OnboardingCollectionViewCell.swift */,
			);
			path = Onboarding;
			sourceTree = "<group>";
		};
		FACBCBFF2C7F771700E734E7 /* Extensions */ = {
			isa = PBXGroup;
			children = (
				FACBCC002C7F775200E734E7 /* UIView+Extension.swift */,
			);
			path = Extensions;
			sourceTree = "<group>";
		};
/* End PBXGroup section */

/* Begin PBXNativeTarget section */
		FACBCBE02C7F330300E734E7 /* Food Ordering App */ = {
			isa = PBXNativeTarget;
			buildConfigurationList = FACBCBF52C7F330400E734E7 /* Build configuration list for PBXNativeTarget "Food Ordering App" */;
			buildPhases = (
				FACBCBDD2C7F330300E734E7 /* Sources */,
				FACBCBDE2C7F330300E734E7 /* Frameworks */,
				FACBCBDF2C7F330300E734E7 /* Resources */,
			);
			buildRules = (
			);
			dependencies = (
			);
			name = "Food Ordering App";
			productName = "Food Ordering App";
			productReference = FACBCBE12C7F330300E734E7 /* Food Ordering App.app */;
			productType = "com.apple.product-type.application";
		};
/* End PBXNativeTarget section */

/* Begin PBXProject section */
		FACBCBD92C7F330300E734E7 /* Project object */ = {
			isa = PBXProject;
			attributes = {
				BuildIndependentTargetsInParallel = 1;
				LastSwiftUpdateCheck = 1540;
				LastUpgradeCheck = 1540;
				TargetAttributes = {
					FACBCBE02C7F330300E734E7 = {
						CreatedOnToolsVersion = 15.4;
					};
				};
			};
			buildConfigurationList = FACBCBDC2C7F330300E734E7 /* Build configuration list for PBXProject "Food Ordering App" */;
			compatibilityVersion = "Xcode 14.0";
			developmentRegion = en;
			hasScannedForEncodings = 0;
			knownRegions = (
				en,
				Base,
			);
			mainGroup = FACBCBD82C7F330300E734E7;
			productRefGroup = FACBCBE22C7F330300E734E7 /* Products */;
			projectDirPath = "";
			projectRoot = "";
			targets = (
				FACBCBE02C7F330300E734E7 /* Food Ordering App */,
			);
		};
/* End PBXProject section */

/* Begin PBXResourcesBuildPhase section */
		FACBCBDF2C7F330300E734E7 /* Resources */ = {
			isa = PBXResourcesBuildPhase;
			buildActionMask = 2147483647;
			files = (
				FACBCBEE2C7F330400E734E7 /* Assets.xcassets in Resources */,
				FACBCBF12C7F330400E734E7 /* Base in Resources */,
				FACBCBEC2C7F330300E734E7 /* Base in Resources */,
			);
			runOnlyForDeploymentPostprocessing = 0;
		};
/* End PBXResourcesBuildPhase section */

/* Begin PBXSourcesBuildPhase section */
		FACBCBDD2C7F330300E734E7 /* Sources */ = {
			isa = PBXSourcesBuildPhase;
			buildActionMask = 2147483647;
			files = (
				FACBCC012C7F775200E734E7 /* UIView+Extension.swift in Sources */,
				FACBCBF92C7F479300E734E7 /* HomePageViewController.swift in Sources */,
				FA415B092C801A59006BBC12 /* ProfileViewController.swift in Sources */,
				FACBCC032C7F790900E734E7 /* OnboardingScreens.swift in Sources */,
				FACBCC052C7F7B0900E734E7 /* OnboardingCollectionViewCell.swift in Sources */,
				FACBCBE92C7F330300E734E7 /* LogInViewController.swift in Sources */,
				FACBCBFE2C7F741D00E734E7 /* OnboardingViewController.swift in Sources */,
				FA415B072C800940006BBC12 /* SignUpViewController.swift in Sources */,
				FACBCBE52C7F330300E734E7 /* AppDelegate.swift in Sources */,
				FACBCBE72C7F330300E734E7 /* SceneDelegate.swift in Sources */,
			);
			runOnlyForDeploymentPostprocessing = 0;
		};
/* End PBXSourcesBuildPhase section */

/* Begin PBXVariantGroup section */
		FACBCBEA2C7F330300E734E7 /* Main.storyboard */ = {
			isa = PBXVariantGroup;
			children = (
				FACBCBEB2C7F330300E734E7 /* Base */,
			);
			name = Main.storyboard;
			sourceTree = "<group>";
		};
		FACBCBEF2C7F330400E734E7 /* LaunchScreen.storyboard */ = {
			isa = PBXVariantGroup;
			children = (
				FACBCBF02C7F330400E734E7 /* Base */,
			);
			name = LaunchScreen.storyboard;
			sourceTree = "<group>";
		};
/* End PBXVariantGroup section */

/* Begin XCBuildConfiguration section */
		FACBCBF32C7F330400E734E7 /* Debug */ = {
			isa = XCBuildConfiguration;
			buildSettings = {
				ALWAYS_SEARCH_USER_PATHS = NO;
				ASSETCATALOG_COMPILER_GENERATE_SWIFT_ASSET_SYMBOL_EXTENSIONS = YES;
				CLANG_ANALYZER_NONNULL = YES;
				CLANG_ANALYZER_NUMBER_OBJECT_CONVERSION = YES_AGGRESSIVE;
				CLANG_CXX_LANGUAGE_STANDARD = "gnu++20";
				CLANG_ENABLE_MODULES = YES;
				CLANG_ENABLE_OBJC_ARC = YES;
				CLANG_ENABLE_OBJC_WEAK = YES;
				CLANG_WARN_BLOCK_CAPTURE_AUTORELEASING = YES;
				CLANG_WARN_BOOL_CONVERSION = YES;
				CLANG_WARN_COMMA = YES;
				CLANG_WARN_CONSTANT_CONVERSION = YES;
				CLANG_WARN_DEPRECATED_OBJC_IMPLEMENTATIONS = YES;
				CLANG_WARN_DIRECT_OBJC_ISA_USAGE = YES_ERROR;
				CLANG_WARN_DOCUMENTATION_COMMENTS = YES;
				CLANG_WARN_EMPTY_BODY = YES;
				CLANG_WARN_ENUM_CONVERSION = YES;
				CLANG_WARN_INFINITE_RECURSION = YES;
				CLANG_WARN_INT_CONVERSION = YES;
				CLANG_WARN_NON_LITERAL_NULL_CONVERSION = YES;
				CLANG_WARN_OBJC_IMPLICIT_RETAIN_SELF = YES;
				CLANG_WARN_OBJC_LITERAL_CONVERSION = YES;
				CLANG_WARN_OBJC_ROOT_CLASS = YES_ERROR;
				CLANG_WARN_QUOTED_INCLUDE_IN_FRAMEWORK_HEADER = YES;
				CLANG_WARN_RANGE_LOOP_ANALYSIS = YES;
				CLANG_WARN_STRICT_PROTOTYPES = YES;
				CLANG_WARN_SUSPICIOUS_MOVE = YES;
				CLANG_WARN_UNGUARDED_AVAILABILITY = YES_AGGRESSIVE;
				CLANG_WARN_UNREACHABLE_CODE = YES;
				CLANG_WARN__DUPLICATE_METHOD_MATCH = YES;
				COPY_PHASE_STRIP = NO;
				DEBUG_INFORMATION_FORMAT = dwarf;
				ENABLE_STRICT_OBJC_MSGSEND = YES;
				ENABLE_TESTABILITY = YES;
				ENABLE_USER_SCRIPT_SANDBOXING = YES;
				GCC_C_LANGUAGE_STANDARD = gnu17;
				GCC_DYNAMIC_NO_PIC = NO;
				GCC_NO_COMMON_BLOCKS = YES;
				GCC_OPTIMIZATION_LEVEL = 0;
				GCC_PREPROCESSOR_DEFINITIONS = (
					"DEBUG=1",
					"$(inherited)",
				);
				GCC_WARN_64_TO_32_BIT_CONVERSION = YES;
				GCC_WARN_ABOUT_RETURN_TYPE = YES_ERROR;
				GCC_WARN_UNDECLARED_SELECTOR = YES;
				GCC_WARN_UNINITIALIZED_AUTOS = YES_AGGRESSIVE;
				GCC_WARN_UNUSED_FUNCTION = YES;
				GCC_WARN_UNUSED_VARIABLE = YES;
				IPHONEOS_DEPLOYMENT_TARGET = 17.5;
				LOCALIZATION_PREFERS_STRING_CATALOGS = YES;
				MTL_ENABLE_DEBUG_INFO = INCLUDE_SOURCE;
				MTL_FAST_MATH = YES;
				ONLY_ACTIVE_ARCH = YES;
				SDKROOT = iphoneos;
				SWIFT_ACTIVE_COMPILATION_CONDITIONS = "DEBUG $(inherited)";
				SWIFT_OPTIMIZATION_LEVEL = "-Onone";
			};
			name = Debug;
		};
		FACBCBF42C7F330400E734E7 /* Release */ = {
			isa = XCBuildConfiguration;
			buildSettings = {
				ALWAYS_SEARCH_USER_PATHS = NO;
				ASSETCATALOG_COMPILER_GENERATE_SWIFT_ASSET_SYMBOL_EXTENSIONS = YES;
				CLANG_ANALYZER_NONNULL = YES;
				CLANG_ANALYZER_NUMBER_OBJECT_CONVERSION = YES_AGGRESSIVE;
				CLANG_CXX_LANGUAGE_STANDARD = "gnu++20";
				CLANG_ENABLE_MODULES = YES;
				CLANG_ENABLE_OBJC_ARC = YES;
				CLANG_ENABLE_OBJC_WEAK = YES;
				CLANG_WARN_BLOCK_CAPTURE_AUTORELEASING = YES;
				CLANG_WARN_BOOL_CONVERSION = YES;
				CLANG_WARN_COMMA = YES;
				CLANG_WARN_CONSTANT_CONVERSION = YES;
				CLANG_WARN_DEPRECATED_OBJC_IMPLEMENTATIONS = YES;
				CLANG_WARN_DIRECT_OBJC_ISA_USAGE = YES_ERROR;
				CLANG_WARN_DOCUMENTATION_COMMENTS = YES;
				CLANG_WARN_EMPTY_BODY = YES;
				CLANG_WARN_ENUM_CONVERSION = YES;
				CLANG_WARN_INFINITE_RECURSION = YES;
				CLANG_WARN_INT_CONVERSION = YES;
				CLANG_WARN_NON_LITERAL_NULL_CONVERSION = YES;
				CLANG_WARN_OBJC_IMPLICIT_RETAIN_SELF = YES;
				CLANG_WARN_OBJC_LITERAL_CONVERSION = YES;
				CLANG_WARN_OBJC_ROOT_CLASS = YES_ERROR;
				CLANG_WARN_QUOTED_INCLUDE_IN_FRAMEWORK_HEADER = YES;
				CLANG_WARN_RANGE_LOOP_ANALYSIS = YES;
				CLANG_WARN_STRICT_PROTOTYPES = YES;
				CLANG_WARN_SUSPICIOUS_MOVE = YES;
				CLANG_WARN_UNGUARDED_AVAILABILITY = YES_AGGRESSIVE;
				CLANG_WARN_UNREACHABLE_CODE = YES;
				CLANG_WARN__DUPLICATE_METHOD_MATCH = YES;
				COPY_PHASE_STRIP = NO;
				DEBUG_INFORMATION_FORMAT = "dwarf-with-dsym";
				ENABLE_NS_ASSERTIONS = NO;
				ENABLE_STRICT_OBJC_MSGSEND = YES;
				ENABLE_USER_SCRIPT_SANDBOXING = YES;
				GCC_C_LANGUAGE_STANDARD = gnu17;
				GCC_NO_COMMON_BLOCKS = YES;
				GCC_WARN_64_TO_32_BIT_CONVERSION = YES;
				GCC_WARN_ABOUT_RETURN_TYPE = YES_ERROR;
				GCC_WARN_UNDECLARED_SELECTOR = YES;
				GCC_WARN_UNINITIALIZED_AUTOS = YES_AGGRESSIVE;
				GCC_WARN_UNUSED_FUNCTION = YES;
				GCC_WARN_UNUSED_VARIABLE = YES;
				IPHONEOS_DEPLOYMENT_TARGET = 17.5;
				LOCALIZATION_PREFERS_STRING_CATALOGS = YES;
				MTL_ENABLE_DEBUG_INFO = NO;
				MTL_FAST_MATH = YES;
				SDKROOT = iphoneos;
				SWIFT_COMPILATION_MODE = wholemodule;
				VALIDATE_PRODUCT = YES;
			};
			name = Release;
		};
		FACBCBF62C7F330400E734E7 /* Debug */ = {
			isa = XCBuildConfiguration;
			buildSettings = {
				ASSETCATALOG_COMPILER_APPICON_NAME = AppIcon;
				ASSETCATALOG_COMPILER_GLOBAL_ACCENT_COLOR_NAME = AccentColor;
				CODE_SIGN_STYLE = Automatic;
				CURRENT_PROJECT_VERSION = 1;
				GENERATE_INFOPLIST_FILE = YES;
				INFOPLIST_FILE = "Food Ordering App/Info.plist";
				INFOPLIST_KEY_UIApplicationSupportsIndirectInputEvents = YES;
				INFOPLIST_KEY_UILaunchStoryboardName = LaunchScreen;
				INFOPLIST_KEY_UIMainStoryboardFile = Main;
				INFOPLIST_KEY_UISupportedInterfaceOrientations_iPad = "UIInterfaceOrientationPortrait UIInterfaceOrientationPortraitUpsideDown UIInterfaceOrientationLandscapeLeft UIInterfaceOrientationLandscapeRight";
				INFOPLIST_KEY_UISupportedInterfaceOrientations_iPhone = "UIInterfaceOrientationPortrait UIInterfaceOrientationLandscapeLeft UIInterfaceOrientationLandscapeRight";
				IPHONEOS_DEPLOYMENT_TARGET = 15.0;
				LD_RUNPATH_SEARCH_PATHS = (
					"$(inherited)",
					"@executable_path/Frameworks",
				);
				MARKETING_VERSION = 1.0;
				PRODUCT_BUNDLE_IDENTIFIER = "saithaw.Food-Ordering-App";
				PRODUCT_NAME = "$(TARGET_NAME)";
				SWIFT_EMIT_LOC_STRINGS = YES;
				SWIFT_VERSION = 5.0;
				TARGETED_DEVICE_FAMILY = "1,2";
			};
			name = Debug;
		};
		FACBCBF72C7F330400E734E7 /* Release */ = {
			isa = XCBuildConfiguration;
			buildSettings = {
				ASSETCATALOG_COMPILER_APPICON_NAME = AppIcon;
				ASSETCATALOG_COMPILER_GLOBAL_ACCENT_COLOR_NAME = AccentColor;
				CODE_SIGN_STYLE = Automatic;
				CURRENT_PROJECT_VERSION = 1;
				GENERATE_INFOPLIST_FILE = YES;
				INFOPLIST_FILE = "Food Ordering App/Info.plist";
				INFOPLIST_KEY_UIApplicationSupportsIndirectInputEvents = YES;
				INFOPLIST_KEY_UILaunchStoryboardName = LaunchScreen;
				INFOPLIST_KEY_UIMainStoryboardFile = Main;
				INFOPLIST_KEY_UISupportedInterfaceOrientations_iPad = "UIInterfaceOrientationPortrait UIInterfaceOrientationPortraitUpsideDown UIInterfaceOrientationLandscapeLeft UIInterfaceOrientationLandscapeRight";
				INFOPLIST_KEY_UISupportedInterfaceOrientations_iPhone = "UIInterfaceOrientationPortrait UIInterfaceOrientationLandscapeLeft UIInterfaceOrientationLandscapeRight";
				IPHONEOS_DEPLOYMENT_TARGET = 15.0;
				LD_RUNPATH_SEARCH_PATHS = (
					"$(inherited)",
					"@executable_path/Frameworks",
				);
				MARKETING_VERSION = 1.0;
				PRODUCT_BUNDLE_IDENTIFIER = "saithaw.Food-Ordering-App";
				PRODUCT_NAME = "$(TARGET_NAME)";
				SWIFT_EMIT_LOC_STRINGS = YES;
				SWIFT_VERSION = 5.0;
				TARGETED_DEVICE_FAMILY = "1,2";
			};
			name = Release;
		};
/* End XCBuildConfiguration section */

/* Begin XCConfigurationList section */
		FACBCBDC2C7F330300E734E7 /* Build configuration list for PBXProject "Food Ordering App" */ = {
			isa = XCConfigurationList;
			buildConfigurations = (
				FACBCBF32C7F330400E734E7 /* Debug */,
				FACBCBF42C7F330400E734E7 /* Release */,
			);
			defaultConfigurationIsVisible = 0;
			defaultConfigurationName = Release;
		};
		FACBCBF52C7F330400E734E7 /* Build configuration list for PBXNativeTarget "Food Ordering App" */ = {
			isa = XCConfigurationList;
			buildConfigurations = (
				FACBCBF62C7F330400E734E7 /* Debug */,
				FACBCBF72C7F330400E734E7 /* Release */,
			);
			defaultConfigurationIsVisible = 0;
			defaultConfigurationName = Release;
		};
/* End XCConfigurationList section */
	};
	rootObject = FACBCBD92C7F330300E734E7 /* Project object */;
}
